
Microsoft Visual Studio Solution File, Format Version 12.00
# Visual Studio Version 16
VisualStudioVersion = 16.0.31112.23
MinimumVisualStudioVersion = 10.0.40219.1
Project("{9A19103F-16F7-4668-BE54-9A1E7A4F7556}") = "HVK_ZZTop", "HVK_ZZTop\HVK_ZZTop.csproj", "{BEE678D9-CA30-434F-AD45-D31684BEFBDD}"
EndProject
Global
	GlobalSection(SolutionConfigurationPlatforms) = preSolution
		Debug|Any CPU = Debug|Any CPU
		Release|Any CPU = Release|Any CPU
	EndGlobalSection
	GlobalSection(ProjectConfigurationPlatforms) = postSolution
		{BEE678D9-CA30-434F-AD45-D31684BEFBDD}.Debug|Any CPU.ActiveCfg = Release|Any CPU
		{BEE678D9-CA30-434F-AD45-D31684BEFBDD}.Debug|Any CPU.Build.0 = Release|Any CPU
		{BEE678D9-CA30-434F-AD45-D31684BEFBDD}.Release|Any CPU.ActiveCfg = Release|Any CPU
		{BEE678D9-CA30-434F-AD45-D31684BEFBDD}.Release|Any CPU.Build.0 = Release|Any CPU
	EndGlobalSection
	GlobalSection(SolutionProperties) = preSolution
		HideSolutionNode = FALSE
	EndGlobalSection
	GlobalSection(ExtensibilityGlobals) = postSolution
		SolutionGuid = {DA01A6ED-28DA-476A-8788-027E94E56589}
	EndGlobalSection
	GlobalSection(TeamFoundationVersionControl) = preSolution
		SccNumberOfProjects = 2
		SccEnterpriseProvider = {4CA58AB2-18FA-4F8D-95D4-32DDF27D184C}
		SccTeamFoundationServer = https://cstfs.cegep-heritage.qc.ca:8080/tfs/hvkgroupassignments
		SccLocalPath0 = .
		SccProjectUniqueName1 = HVK_ZZTop\\HVK_ZZTop.csproj
		SccProjectName1 = HVK_ZZTop
		SccLocalPath1 = HVK_ZZTop
	EndGlobalSection
EndGlobal
